{
  "originHash" : "b15a05a17d13eda9fc2be86359e6743d4188210d31397235a094021fd25efc87",
  "pins" : [
    {
      "identity" : "ios-maps-sdk",
      "kind" : "remoteSourceControl",
      "location" : "https://github.com/googlemaps/ios-maps-sdk",
      "state" : {
        "revision" : "037b29b55ee9ac4d93b6a686b292e75ba4c50fe5",
        "version" : "10.10.0"
      }
    },
    {
      "identity" : "ios-places-sdk",
      "kind" : "remoteSourceControl",
      "location" : "https://github.com/googlemaps/ios-places-sdk",
      "state" : {
        "revision" : "2960dc2278a84e1daf1f16b417c978a96920ecdd",
        "version" : "10.10.0"
      }
    },
    {
      "identity" : "iphonenumberfield",
      "kind" : "remoteSourceControl",
      "location" : "https://github.com/MojtabaHs/iPhoneNumberField.git",
      "state" : {
        "revision" : "cd961621559393c5220c6c955690ecc52318e753",
        "version" : "0.10.4"
      }
    },
    {
      "identity" : "phonenumberkit",
      "kind" : "remoteSourceControl",
      "location" : "https://github.com/marmelroy/PhoneNumberKit",
      "state" : {
        "revision" : "c107075aa8d394be7aced273a46e944afe8b321b",
        "version" : "3.8.0"
      }
    },
    {
      "identity" : "swiftsoup",
      "kind" : "remoteSourceControl",
      "location" : "https://github.com/scinfu/SwiftSoup.git",
      "state" : {
        "revision" : "e40910293caa6d94802e1a69b80517c88e77eaff",
        "version" : "2.13.3"
      }
    }
  ],
  "version" : 3
}
